<?xml version="1.0" encoding="utf-8"?>
<Project ToolsVersion="4.0" xmlns="http://schemas.microsoft.com/developer/msbuild/2003">
  <ItemGroup>
    <ClCompile Include="Automata.cpp" />
    <ClCompile Include="FormeleMethoden.cpp" />
    <ClCompile Include="Tests.cpp" />
    <ClCompile Include="RegExp.cpp" />
    <ClCompile Include="Transition.cpp" />
    <ClCompile Include="Thompson.cpp" />
    <ClCompile Include="Grammatica.cpp" />
    <ClCompile Include="NdfaToDfaConverter.cpp" />
  </ItemGroup>
  <ItemGroup>
    <ClInclude Include="Automata.h" />
    <ClInclude Include="Grammatica.h" />
    <ClInclude Include="Tests.h" />
    <ClInclude Include="RegExp.h" />
    <ClInclude Include="Transition.h" />
    <ClInclude Include="Thompson.h" />
    <ClInclude Include="NdfaToDfaConverter.h" />
  </ItemGroup>
  <ItemGroup>
    <Text Include="ReadMe.txt" />
  </ItemGroup>
</Project>